
Microsoft Visual Studio Solution File, Format Version 12.00
# Visual Studio 15
VisualStudioVersion = 15.0.28307.106
MinimumVisualStudioVersion = 10.0.40219.1
Project("{FAE04EC0-301F-11D3-BF4B-00C04F79EFBC}") = "Budowlanav2", "Budowlanav2\Budowlanav2.csproj", "{FEDCBFC8-9740-4163-9615-9DF8BDF45F84}"
EndProject
Global
	GlobalSection(SolutionConfigurationPlatforms) = preSolution
		Debug|Any CPU = Debug|Any CPU
		Release|Any CPU = Release|Any CPU
	EndGlobalSection
	GlobalSection(ProjectConfigurationPlatforms) = postSolution
		{FEDCBFC8-9740-4163-9615-9DF8BDF45F84}.Debug|Any CPU.ActiveCfg = Debug|Any CPU
		{FEDCBFC8-9740-4163-9615-9DF8BDF45F84}.Debug|Any CPU.Build.0 = Debug|Any CPU
		{FEDCBFC8-9740-4163-9615-9DF8BDF45F84}.Release|Any CPU.ActiveCfg = Release|Any CPU
		{FEDCBFC8-9740-4163-9615-9DF8BDF45F84}.Release|Any CPU.Build.0 = Release|Any CPU
	EndGlobalSection
	GlobalSection(SolutionProperties) = preSolution
		HideSolutionNode = FALSE
	EndGlobalSection
	GlobalSection(ExtensibilityGlobals) = postSolution
		SolutionGuid = {36FD3333-D7AB-4921-8814-C4443D520BA1}
	EndGlobalSection
EndGlobal
